
Microsoft Visual Studio Solution File, Format Version 11.00
# Visual Studio 2010
Project("{FAE04EC0-301F-11D3-BF4B-00C04F79EFBC}") = "JustAProgrammer.ADPR", "JustAProgrammer.ADPR\JustAProgrammer.ADPR.csproj", "{A965C47F-672F-42F0-B941-1E22A6C77196}"
EndProject
Project("{FAE04EC0-301F-11D3-BF4B-00C04F79EFBC}") = "JustAProgrammer.ADPR.Console", "JustAProgrammer.ADPR.Console\JustAProgrammer.ADPR.Console.csproj", "{90A26E8F-D808-474A-9570-DDC0145708D7}"
EndProject
Project("{2150E333-8FDC-42A3-9474-1A3956D46DE8}") = "Solution Items", "Solution Items", "{CC496F8C-C3E6-4633-8498-5EA42E4E6934}"
	ProjectSection(SolutionItems) = preProject
		LICENSE.txt = LICENSE.txt
		README.md = README.md
	EndProjectSection
EndProject
Project("{FAE04EC0-301F-11D3-BF4B-00C04F79EFBC}") = "JustAProgrammer.ADPR.Tests", "JustAProgrammer.ADPR.Tests\JustAProgrammer.ADPR.Tests.csproj", "{0FFC9F96-73BC-4048-9840-9F882DD5FACF}"
EndProject
Project("{2150E333-8FDC-42A3-9474-1A3956D46DE8}") = ".nuget", ".nuget", "{3493DD83-1742-4363-A6AA-5EB508B57381}"
	ProjectSection(SolutionItems) = preProject
		.nuget\packages.config = .nuget\packages.config
	EndProjectSection
EndProject
Global
	GlobalSection(SolutionConfigurationPlatforms) = preSolution
		Debug|Any CPU = Debug|Any CPU
		Debug|x86 = Debug|x86
		Debug35|Any CPU = Debug35|Any CPU
		Debug35|x86 = Debug35|x86
		Release|Any CPU = Release|Any CPU
		Release|x86 = Release|x86
		Release35|Any CPU = Release35|Any CPU
		Release35|x86 = Release35|x86
	EndGlobalSection
	GlobalSection(ProjectConfigurationPlatforms) = postSolution
		{A965C47F-672F-42F0-B941-1E22A6C77196}.Debug|Any CPU.ActiveCfg = Debug|Any CPU
		{A965C47F-672F-42F0-B941-1E22A6C77196}.Debug|Any CPU.Build.0 = Debug|Any CPU
		{A965C47F-672F-42F0-B941-1E22A6C77196}.Debug|x86.ActiveCfg = Debug|x86
		{A965C47F-672F-42F0-B941-1E22A6C77196}.Debug|x86.Build.0 = Debug|x86
		{A965C47F-672F-42F0-B941-1E22A6C77196}.Debug35|Any CPU.ActiveCfg = Debug|Any CPU
		{A965C47F-672F-42F0-B941-1E22A6C77196}.Debug35|Any CPU.Build.0 = Debug|Any CPU
		{A965C47F-672F-42F0-B941-1E22A6C77196}.Debug35|x86.ActiveCfg = Debug|x86
		{A965C47F-672F-42F0-B941-1E22A6C77196}.Debug35|x86.Build.0 = Debug|x86
		{A965C47F-672F-42F0-B941-1E22A6C77196}.Release|Any CPU.ActiveCfg = Release|Any CPU
		{A965C47F-672F-42F0-B941-1E22A6C77196}.Release|Any CPU.Build.0 = Release|Any CPU
		{A965C47F-672F-42F0-B941-1E22A6C77196}.Release|x86.ActiveCfg = Release|Any CPU
		{A965C47F-672F-42F0-B941-1E22A6C77196}.Release35|Any CPU.ActiveCfg = Release|Any CPU
		{A965C47F-672F-42F0-B941-1E22A6C77196}.Release35|Any CPU.Build.0 = Release|Any CPU
		{A965C47F-672F-42F0-B941-1E22A6C77196}.Release35|x86.ActiveCfg = Release|Any CPU
		{90A26E8F-D808-474A-9570-DDC0145708D7}.Debug|Any CPU.ActiveCfg = Debug|Any CPU
		{90A26E8F-D808-474A-9570-DDC0145708D7}.Debug|Any CPU.Build.0 = Debug|Any CPU
		{90A26E8F-D808-474A-9570-DDC0145708D7}.Debug|x86.ActiveCfg = Debug|x86
		{90A26E8F-D808-474A-9570-DDC0145708D7}.Debug|x86.Build.0 = Debug|x86
		{90A26E8F-D808-474A-9570-DDC0145708D7}.Debug35|Any CPU.ActiveCfg = Debug|Any CPU
		{90A26E8F-D808-474A-9570-DDC0145708D7}.Debug35|Any CPU.Build.0 = Debug|Any CPU
		{90A26E8F-D808-474A-9570-DDC0145708D7}.Debug35|x86.ActiveCfg = Debug|x86
		{90A26E8F-D808-474A-9570-DDC0145708D7}.Debug35|x86.Build.0 = Debug|x86
		{90A26E8F-D808-474A-9570-DDC0145708D7}.Release|Any CPU.ActiveCfg = Release|x86
		{90A26E8F-D808-474A-9570-DDC0145708D7}.Release|x86.ActiveCfg = Release|x86
		{90A26E8F-D808-474A-9570-DDC0145708D7}.Release|x86.Build.0 = Release|x86
		{90A26E8F-D808-474A-9570-DDC0145708D7}.Release35|Any CPU.ActiveCfg = Release|x86
		{90A26E8F-D808-474A-9570-DDC0145708D7}.Release35|x86.ActiveCfg = Release|x86
		{90A26E8F-D808-474A-9570-DDC0145708D7}.Release35|x86.Build.0 = Release|x86
		{0FFC9F96-73BC-4048-9840-9F882DD5FACF}.Debug|Any CPU.ActiveCfg = Debug|Any CPU
		{0FFC9F96-73BC-4048-9840-9F882DD5FACF}.Debug|Any CPU.Build.0 = Debug|Any CPU
		{0FFC9F96-73BC-4048-9840-9F882DD5FACF}.Debug|x86.ActiveCfg = Debug|x86
		{0FFC9F96-73BC-4048-9840-9F882DD5FACF}.Debug|x86.Build.0 = Debug|x86
		{0FFC9F96-73BC-4048-9840-9F882DD5FACF}.Debug35|Any CPU.ActiveCfg = Debug|Any CPU
		{0FFC9F96-73BC-4048-9840-9F882DD5FACF}.Debug35|Any CPU.Build.0 = Debug|Any CPU
		{0FFC9F96-73BC-4048-9840-9F882DD5FACF}.Debug35|x86.ActiveCfg = Debug|x86
		{0FFC9F96-73BC-4048-9840-9F882DD5FACF}.Debug35|x86.Build.0 = Debug|x86
		{0FFC9F96-73BC-4048-9840-9F882DD5FACF}.Release|Any CPU.ActiveCfg = Release|Any CPU
		{0FFC9F96-73BC-4048-9840-9F882DD5FACF}.Release|Any CPU.Build.0 = Release|Any CPU
		{0FFC9F96-73BC-4048-9840-9F882DD5FACF}.Release|x86.ActiveCfg = Release|Any CPU
		{0FFC9F96-73BC-4048-9840-9F882DD5FACF}.Release35|Any CPU.ActiveCfg = Release|Any CPU
		{0FFC9F96-73BC-4048-9840-9F882DD5FACF}.Release35|Any CPU.Build.0 = Release|Any CPU
		{0FFC9F96-73BC-4048-9840-9F882DD5FACF}.Release35|x86.ActiveCfg = Release|Any CPU
	EndGlobalSection
	GlobalSection(SolutionProperties) = preSolution
		HideSolutionNode = FALSE
	EndGlobalSection
EndGlobal
